
Microsoft Visual Studio Solution File, Format Version 12.00
# Visual Studio 2012
Project("{FAE04EC0-301F-11D3-BF4B-00C04F79EFBC}") = "farmSite15042015", "farmSite15042015\farmSite15042015.csproj", "{7892DD58-60C3-4827-A7A6-FF55EC3B04CE}"
EndProject
Global
	GlobalSection(SolutionConfigurationPlatforms) = preSolution
		Debug|Any CPU = Debug|Any CPU
		Release|Any CPU = Release|Any CPU
	EndGlobalSection
	GlobalSection(ProjectConfigurationPlatforms) = postSolution
		{7892DD58-60C3-4827-A7A6-FF55EC3B04CE}.Debug|Any CPU.ActiveCfg = Debug|Any CPU
		{7892DD58-60C3-4827-A7A6-FF55EC3B04CE}.Debug|Any CPU.Build.0 = Debug|Any CPU
		{7892DD58-60C3-4827-A7A6-FF55EC3B04CE}.Release|Any CPU.ActiveCfg = Release|Any CPU
		{7892DD58-60C3-4827-A7A6-FF55EC3B04CE}.Release|Any CPU.Build.0 = Release|Any CPU
	EndGlobalSection
	GlobalSection(SolutionProperties) = preSolution
		HideSolutionNode = FALSE
	EndGlobalSection
EndGlobal
